
Microsoft Visual Studio Solution File, Format Version 12.00
# Visual Studio Version 17
VisualStudioVersion = 17.9.34622.214
MinimumVisualStudioVersion = 10.0.40219.1
Project("{2150E333-8FDC-42A3-9474-1A3956D46DE8}") = "Services", "Services", "{F4A38998-BCB7-4089-ACC2-249637853248}"
EndProject
Project("{2150E333-8FDC-42A3-9474-1A3956D46DE8}") = "Identity", "Identity", "{39D00B5D-FECB-403B-B5CA-1E22576E8D9F}"
EndProject
Project("{9A19103F-16F7-4668-BE54-9A1E7A4F7556}") = "IdentityService", "..\src\Services\Identity\IdentityService\IdentityService.csproj", "{FCE2774D-524C-4720-A233-FEAECE9A4227}"
EndProject
Project("{2150E333-8FDC-42A3-9474-1A3956D46DE8}") = "Parcel", "Parcel", "{9460E905-B63E-4A42-966F-51759849222E}"
EndProject
Project("{9A19103F-16F7-4668-BE54-9A1E7A4F7556}") = "ParcelService", "..\src\Services\ParcelService\ParcelService.csproj", "{8DC71E88-C05A-479E-8411-1C73964A9362}"
EndProject
Project("{2150E333-8FDC-42A3-9474-1A3956D46DE8}") = "KafkaExperiment", "KafkaExperiment", "{EEC8EE40-20FA-4D54-91B7-F7C340F6D352}"
EndProject
Project("{9A19103F-16F7-4668-BE54-9A1E7A4F7556}") = "EmployeeApplicationAPI", "..\src\Services\KafkaExperiment\EmployeeApplicationAPI\EmployeeApplicationAPI.csproj", "{F8902E53-3D61-42EC-8548-2F5E671EB836}"
EndProject
Project("{9A19103F-16F7-4668-BE54-9A1E7A4F7556}") = "Consumer.Service", "..\src\Services\KafkaExperiment\Consumer.Service\Consumer.Service.csproj", "{C70695CD-5E60-4D49-B42F-C2A4F2F19DA7}"
EndProject
Project("{9A19103F-16F7-4668-BE54-9A1E7A4F7556}") = "Consumer.Shared", "..\src\Services\KafkaExperiment\Consumer.Shared\Consumer.Shared.csproj", "{78DFCA03-DEBC-4576-BF0B-BBE95928ECCA}"
EndProject
Project("{9A19103F-16F7-4668-BE54-9A1E7A4F7556}") = "Consumer.Database", "..\src\Services\KafkaExperiment\Consumer.Database\Consumer.Database.csproj", "{8210BBF6-F762-4A03-902D-A1BD458375D2}"
EndProject
Project("{FAE04EC0-301F-11D3-BF4B-00C04F79EFBC}") = "EventSourcing", "..\src\Services\KafkaExperiment\EventSourcing\EventSourcing.csproj", "{692A478E-FA8C-4173-8999-8646FEAB1929}"
EndProject
Global
	GlobalSection(SolutionConfigurationPlatforms) = preSolution
		Debug|Any CPU = Debug|Any CPU
		Release|Any CPU = Release|Any CPU
	EndGlobalSection
	GlobalSection(ProjectConfigurationPlatforms) = postSolution
		{FCE2774D-524C-4720-A233-FEAECE9A4227}.Debug|Any CPU.ActiveCfg = Debug|Any CPU
		{FCE2774D-524C-4720-A233-FEAECE9A4227}.Debug|Any CPU.Build.0 = Debug|Any CPU
		{FCE2774D-524C-4720-A233-FEAECE9A4227}.Release|Any CPU.ActiveCfg = Release|Any CPU
		{FCE2774D-524C-4720-A233-FEAECE9A4227}.Release|Any CPU.Build.0 = Release|Any CPU
		{8DC71E88-C05A-479E-8411-1C73964A9362}.Debug|Any CPU.ActiveCfg = Debug|Any CPU
		{8DC71E88-C05A-479E-8411-1C73964A9362}.Debug|Any CPU.Build.0 = Debug|Any CPU
		{8DC71E88-C05A-479E-8411-1C73964A9362}.Release|Any CPU.ActiveCfg = Release|Any CPU
		{8DC71E88-C05A-479E-8411-1C73964A9362}.Release|Any CPU.Build.0 = Release|Any CPU
		{F8902E53-3D61-42EC-8548-2F5E671EB836}.Debug|Any CPU.ActiveCfg = Debug|Any CPU
		{F8902E53-3D61-42EC-8548-2F5E671EB836}.Debug|Any CPU.Build.0 = Debug|Any CPU
		{F8902E53-3D61-42EC-8548-2F5E671EB836}.Release|Any CPU.ActiveCfg = Release|Any CPU
		{F8902E53-3D61-42EC-8548-2F5E671EB836}.Release|Any CPU.Build.0 = Release|Any CPU
		{C70695CD-5E60-4D49-B42F-C2A4F2F19DA7}.Debug|Any CPU.ActiveCfg = Debug|Any CPU
		{C70695CD-5E60-4D49-B42F-C2A4F2F19DA7}.Debug|Any CPU.Build.0 = Debug|Any CPU
		{C70695CD-5E60-4D49-B42F-C2A4F2F19DA7}.Release|Any CPU.ActiveCfg = Release|Any CPU
		{C70695CD-5E60-4D49-B42F-C2A4F2F19DA7}.Release|Any CPU.Build.0 = Release|Any CPU
		{78DFCA03-DEBC-4576-BF0B-BBE95928ECCA}.Debug|Any CPU.ActiveCfg = Debug|Any CPU
		{78DFCA03-DEBC-4576-BF0B-BBE95928ECCA}.Debug|Any CPU.Build.0 = Debug|Any CPU
		{78DFCA03-DEBC-4576-BF0B-BBE95928ECCA}.Release|Any CPU.ActiveCfg = Release|Any CPU
		{78DFCA03-DEBC-4576-BF0B-BBE95928ECCA}.Release|Any CPU.Build.0 = Release|Any CPU
		{8210BBF6-F762-4A03-902D-A1BD458375D2}.Debug|Any CPU.ActiveCfg = Debug|Any CPU
		{8210BBF6-F762-4A03-902D-A1BD458375D2}.Debug|Any CPU.Build.0 = Debug|Any CPU
		{8210BBF6-F762-4A03-902D-A1BD458375D2}.Release|Any CPU.ActiveCfg = Release|Any CPU
		{8210BBF6-F762-4A03-902D-A1BD458375D2}.Release|Any CPU.Build.0 = Release|Any CPU
		{692A478E-FA8C-4173-8999-8646FEAB1929}.Debug|Any CPU.ActiveCfg = Debug|Any CPU
		{692A478E-FA8C-4173-8999-8646FEAB1929}.Debug|Any CPU.Build.0 = Debug|Any CPU
		{692A478E-FA8C-4173-8999-8646FEAB1929}.Release|Any CPU.ActiveCfg = Release|Any CPU
		{692A478E-FA8C-4173-8999-8646FEAB1929}.Release|Any CPU.Build.0 = Release|Any CPU
	EndGlobalSection
	GlobalSection(SolutionProperties) = preSolution
		HideSolutionNode = FALSE
	EndGlobalSection
	GlobalSection(NestedProjects) = preSolution
		{39D00B5D-FECB-403B-B5CA-1E22576E8D9F} = {F4A38998-BCB7-4089-ACC2-249637853248}
		{FCE2774D-524C-4720-A233-FEAECE9A4227} = {39D00B5D-FECB-403B-B5CA-1E22576E8D9F}
		{9460E905-B63E-4A42-966F-51759849222E} = {F4A38998-BCB7-4089-ACC2-249637853248}
		{8DC71E88-C05A-479E-8411-1C73964A9362} = {9460E905-B63E-4A42-966F-51759849222E}
		{EEC8EE40-20FA-4D54-91B7-F7C340F6D352} = {F4A38998-BCB7-4089-ACC2-249637853248}
		{F8902E53-3D61-42EC-8548-2F5E671EB836} = {EEC8EE40-20FA-4D54-91B7-F7C340F6D352}
		{C70695CD-5E60-4D49-B42F-C2A4F2F19DA7} = {EEC8EE40-20FA-4D54-91B7-F7C340F6D352}
		{78DFCA03-DEBC-4576-BF0B-BBE95928ECCA} = {EEC8EE40-20FA-4D54-91B7-F7C340F6D352}
		{8210BBF6-F762-4A03-902D-A1BD458375D2} = {EEC8EE40-20FA-4D54-91B7-F7C340F6D352}
		{692A478E-FA8C-4173-8999-8646FEAB1929} = {EEC8EE40-20FA-4D54-91B7-F7C340F6D352}
	EndGlobalSection
	GlobalSection(ExtensibilityGlobals) = postSolution
		SolutionGuid = {7EC67EC7-A0A1-4227-B3E2-7F8E14F1C7B5}
	EndGlobalSection
EndGlobal
